// !$*UTF8*$!
{
	archiveVersion = 1;
	classes = {
	};
	objectVersion = 56;
	objects = {

/* Begin PBXBuildFile section */
		3FB6564D2BDD2ADB007DF573 /* Lab2DSprojectApp.swift in Sources */ = {isa = PBXBuildFile; fileRef = 3FB6564C2BDD2ADB007DF573 /* Lab2DSprojectApp.swift */; };
		3FB6564F2BDD2ADB007DF573 /* ContentView.swift in Sources */ = {isa = PBXBuildFile; fileRef = 3FB6564E2BDD2ADB007DF573 /* ContentView.swift */; };
		3FB656512BDD2ADE007DF573 /* Assets.xcassets in Resources */ = {isa = PBXBuildFile; fileRef = 3FB656502BDD2ADE007DF573 /* Assets.xcassets */; };
		3FB656542BDD2ADE007DF573 /* Preview Assets.xcassets in Resources */ = {isa = PBXBuildFile; fileRef = 3FB656532BDD2ADE007DF573 /* Preview Assets.xcassets */; };
		3FB6565E2BDD2ADE007DF573 /* Lab2DSprojectTests.swift in Sources */ = {isa = PBXBuildFile; fileRef = 3FB6565D2BDD2ADE007DF573 /* Lab2DSprojectTests.swift */; };
		3FB656682BDD2ADE007DF573 /* Lab2DSprojectUITests.swift in Sources */ = {isa = PBXBuildFile; fileRef = 3FB656672BDD2ADE007DF573 /* Lab2DSprojectUITests.swift */; };
		3FB6566A2BDD2ADE007DF573 /* Lab2DSprojectUITestsLaunchTests.swift in Sources */ = {isa = PBXBuildFile; fileRef = 3FB656692BDD2ADE007DF573 /* Lab2DSprojectUITestsLaunchTests.swift */; };
/* End PBXBuildFile section */

/* Begin PBXContainerItemProxy section */
		3FB6565A2BDD2ADE007DF573 /* PBXContainerItemProxy */ = {
			isa = PBXContainerItemProxy;
			containerPortal = 3FB656412BDD2ADB007DF573 /* Project object */;
			proxyType = 1;
			remoteGlobalIDString = 3FB656482BDD2ADB007DF573;
			remoteInfo = Lab2DSproject;
		};
		3FB656642BDD2ADE007DF573 /* PBXContainerItemProxy */ = {
			isa = PBXContainerItemProxy;
			containerPortal = 3FB656412BDD2ADB007DF573 /* Project object */;
			proxyType = 1;
			remoteGlobalIDString = 3FB656482BDD2ADB007DF573;
			remoteInfo = Lab2DSproject;
		};
/* End PBXContainerItemProxy section */

/* Begin PBXFileReference section */
		3FB656492BDD2ADB007DF573 /* Lab2DSproject.app */ = {isa = PBXFileReference; explicitFileType = wrapper.application; includeInIndex = 0; path = Lab2DSproject.app; sourceTree = BUILT_PRODUCTS_DIR; };
		3FB6564C2BDD2ADB007DF573 /* Lab2DSprojectApp.swift */ = {isa = PBXFileReference; lastKnownFileType = sourcecode.swift; path = Lab2DSprojectApp.swift; sourceTree = "<group>"; };
		3FB6564E2BDD2ADB007DF573 /* ContentView.swift */ = {isa = PBXFileReference; lastKnownFileType = sourcecode.swift; path = ContentView.swift; sourceTree = "<group>"; };
		3FB656502BDD2ADE007DF573 /* Assets.xcassets */ = {isa = PBXFileReference; lastKnownFileType = folder.assetcatalog; path = Assets.xcassets; sourceTree = "<group>"; };
		3FB656532BDD2ADE007DF573 /* Preview Assets.xcassets */ = {isa = PBXFileReference; lastKnownFileType = folder.assetcatalog; path = "Preview Assets.xcassets"; sourceTree = "<group>"; };
		3FB656592BDD2ADE007DF573 /* Lab2DSprojectTests.xctest */ = {isa = PBXFileReference; explicitFileType = wrapper.cfbundle; includeInIndex = 0; path = Lab2DSprojectTests.xctest; sourceTree = BUILT_PRODUCTS_DIR; };
		3FB6565D2BDD2ADE007DF573 /* Lab2DSprojectTests.swift */ = {isa = PBXFileReference; lastKnownFileType = sourcecode.swift; path = Lab2DSprojectTests.swift; sourceTree = "<group>"; };
		3FB656632BDD2ADE007DF573 /* Lab2DSprojectUITests.xctest */ = {isa = PBXFileReference; explicitFileType = wrapper.cfbundle; includeInIndex = 0; path = Lab2DSprojectUITests.xctest; sourceTree = BUILT_PRODUCTS_DIR; };
		3FB656672BDD2ADE007DF573 /* Lab2DSprojectUITests.swift */ = {isa = PBXFileReference; lastKnownFileType = sourcecode.swift; path = Lab2DSprojectUITests.swift; sourceTree = "<group>"; };
		3FB656692BDD2ADE007DF573 /* Lab2DSprojectUITestsLaunchTests.swift */ = {isa = PBXFileReference; lastKnownFileType = sourcecode.swift; path = Lab2DSprojectUITestsLaunchTests.swift; sourceTree = "<group>"; };
/* End PBXFileReference section */

/* Begin PBXFrameworksBuildPhase section */
		3FB656462BDD2ADB007DF573 /* Frameworks */ = {
			isa = PBXFrameworksBuildPhase;
			buildActionMask = 2147483647;
			files = (
			);
			runOnlyForDeploymentPostprocessing = 0;
		};
		3FB656562BDD2ADE007DF573 /* Frameworks */ = {
			isa = PBXFrameworksBuildPhase;
			buildActionMask = 2147483647;
			files = (
			);
			runOnlyForDeploymentPostprocessing = 0;
		};
		3FB656602BDD2ADE007DF573 /* Frameworks */ = {
			isa = PBXFrameworksBuildPhase;
			buildActionMask = 2147483647;
			files = (
			);
			runOnlyForDeploymentPostprocessing = 0;
		};
/* End PBXFrameworksBuildPhase section */

/* Begin PBXGroup section */
		3FB656402BDD2ADB007DF573 = {
			isa = PBXGroup;
			children = (
				3FB6564B2BDD2ADB007DF573 /* Lab2DSproject */,
				3FB6565C2BDD2ADE007DF573 /* Lab2DSprojectTests */,
				3FB656662BDD2ADE007DF573 /* Lab2DSprojectUITests */,
				3FB6564A2BDD2ADB007DF573 /* Products */,
			);
			sourceTree = "<group>";
		};
		3FB6564A2BDD2ADB007DF573 /* Products */ = {
			isa = PBXGroup;
			children = (
				3FB656492BDD2ADB007DF573 /* Lab2DSproject.app */,
				3FB656592BDD2ADE007DF573 /* Lab2DSprojectTests.xctest */,
				3FB656632BDD2ADE007DF573 /* Lab2DSprojectUITests.xctest */,
			);
			name = Products;
			sourceTree = "<group>";
		};
		3FB6564B2BDD2ADB007DF573 /* Lab2DSproject */ = {
			isa = PBXGroup;
			children = (
				3FB6564C2BDD2ADB007DF573 /* Lab2DSprojectApp.swift */,
				3FB6564E2BDD2ADB007DF573 /* ContentView.swift */,
				3FB656502BDD2ADE007DF573 /* Assets.xcassets */,
				3FB656522BDD2ADE007DF573 /* Preview Content */,
			);
			path = Lab2DSproject;
			sourceTree = "<group>";
		};
		3FB656522BDD2ADE007DF573 /* Preview Content */ = {
			isa = PBXGroup;
			children = (
				3FB656532BDD2ADE007DF573 /* Preview Assets.xcassets */,
			);
			path = "Preview Content";
			sourceTree = "<group>";
		};
		3FB6565C2BDD2ADE007DF573 /* Lab2DSprojectTests */ = {
			isa = PBXGroup;
			children = (
				3FB6565D2BDD2ADE007DF573 /* Lab2DSprojectTests.swift */,
			);
			path = Lab2DSprojectTests;
			sourceTree = "<group>";
		};
		3FB656662BDD2ADE007DF573 /* Lab2DSprojectUITests */ = {
			isa = PBXGroup;
			children = (
				3FB656672BDD2ADE007DF573 /* Lab2DSprojectUITests.swift */,
				3FB656692BDD2ADE007DF573 /* Lab2DSprojectUITestsLaunchTests.swift */,
			);
			path = Lab2DSprojectUITests;
			sourceTree = "<group>";
		};
/* End PBXGroup section */

/* Begin PBXNativeTarget section */
		3FB656482BDD2ADB007DF573 /* Lab2DSproject */ = {
			isa = PBXNativeTarget;
			buildConfigurationList = 3FB6566D2BDD2ADE007DF573 /* Build configuration list for PBXNativeTarget "Lab2DSproject" */;
			buildPhases = (
				3FB656452BDD2ADB007DF573 /* Sources */,
				3FB656462BDD2ADB007DF573 /* Frameworks */,
				3FB656472BDD2ADB007DF573 /* Resources */,
			);
			buildRules = (
			);
			dependencies = (
			);
			name = Lab2DSproject;
			productName = Lab2DSproject;
			productReference = 3FB656492BDD2ADB007DF573 /* Lab2DSproject.app */;
			productType = "com.apple.product-type.application";
		};
		3FB656582BDD2ADE007DF573 /* Lab2DSprojectTests */ = {
			isa = PBXNativeTarget;
			buildConfigurationList = 3FB656702BDD2ADE007DF573 /* Build configuration list for PBXNativeTarget "Lab2DSprojectTests" */;
			buildPhases = (
				3FB656552BDD2ADE007DF573 /* Sources */,
				3FB656562BDD2ADE007DF573 /* Frameworks */,
				3FB656572BDD2ADE007DF573 /* Resources */,
			);
			buildRules = (
			);
			dependencies = (
				3FB6565B2BDD2ADE007DF573 /* PBXTargetDependency */,
			);
			name = Lab2DSprojectTests;
			productName = Lab2DSprojectTests;
			productReference = 3FB656592BDD2ADE007DF573 /* Lab2DSprojectTests.xctest */;
			productType = "com.apple.product-type.bundle.unit-test";
		};
		3FB656622BDD2ADE007DF573 /* Lab2DSprojectUITests */ = {
			isa = PBXNativeTarget;
			buildConfigurationList = 3FB656732BDD2ADE007DF573 /* Build configuration list for PBXNativeTarget "Lab2DSprojectUITests" */;
			buildPhases = (
				3FB6565F2BDD2ADE007DF573 /* Sources */,
				3FB656602BDD2ADE007DF573 /* Frameworks */,
				3FB656612BDD2ADE007DF573 /* Resources */,
			);
			buildRules = (
			);
			dependencies = (
				3FB656652BDD2ADE007DF573 /* PBXTargetDependency */,
			);
			name = Lab2DSprojectUITests;
			productName = Lab2DSprojectUITests;
			productReference = 3FB656632BDD2ADE007DF573 /* Lab2DSprojectUITests.xctest */;
			productType = "com.apple.product-type.bundle.ui-testing";
		};
/* End PBXNativeTarget section */

/* Begin PBXProject section */
		3FB656412BDD2ADB007DF573 /* Project object */ = {
			isa = PBXProject;
			attributes = {
				BuildIndependentTargetsInParallel = 1;
				LastSwiftUpdateCheck = 1500;
				LastUpgradeCheck = 1500;
				TargetAttributes = {
					3FB656482BDD2ADB007DF573 = {
						CreatedOnToolsVersion = 15.0;
					};
					3FB656582BDD2ADE007DF573 = {
						CreatedOnToolsVersion = 15.0;
						TestTargetID = 3FB656482BDD2ADB007DF573;
					};
					3FB656622BDD2ADE007DF573 = {
						CreatedOnToolsVersion = 15.0;
						TestTargetID = 3FB656482BDD2ADB007DF573;
					};
				};
			};
			buildConfigurationList = 3FB656442BDD2ADB007DF573 /* Build configuration list for PBXProject "Lab2DSproject" */;
			compatibilityVersion = "Xcode 14.0";
			developmentRegion = en;
			hasScannedForEncodings = 0;
			knownRegions = (
				en,
				Base,
			);
			mainGroup = 3FB656402BDD2ADB007DF573;
			productRefGroup = 3FB6564A2BDD2ADB007DF573 /* Products */;
			projectDirPath = "";
			projectRoot = "";
			targets = (
				3FB656482BDD2ADB007DF573 /* Lab2DSproject */,
				3FB656582BDD2ADE007DF573 /* Lab2DSprojectTests */,
				3FB656622BDD2ADE007DF573 /* Lab2DSprojectUITests */,
			);
		};
/* End PBXProject section */

/* Begin PBXResourcesBuildPhase section */
		3FB656472BDD2ADB007DF573 /* Resources */ = {
			isa = PBXResourcesBuildPhase;
			buildActionMask = 2147483647;
			files = (
				3FB656542BDD2ADE007DF573 /* Preview Assets.xcassets in Resources */,
				3FB656512BDD2ADE007DF573 /* Assets.xcassets in Resources */,
			);
			runOnlyForDeploymentPostprocessing = 0;
		};
		3FB656572BDD2ADE007DF573 /* Resources */ = {
			isa = PBXResourcesBuildPhase;
			buildActionMask = 2147483647;
			files = (
			);
			runOnlyForDeploymentPostprocessing = 0;
		};
		3FB656612BDD2ADE007DF573 /* Resources */ = {
			isa = PBXResourcesBuildPhase;
			buildActionMask = 2147483647;
			files = (
			);
			runOnlyForDeploymentPostprocessing = 0;
		};
/* End PBXResourcesBuildPhase section */

/* Begin PBXSourcesBuildPhase section */
		3FB656452BDD2ADB007DF573 /* Sources */ = {
			isa = PBXSourcesBuildPhase;
			buildActionMask = 2147483647;
			files = (
				3FB6564F2BDD2ADB007DF573 /* ContentView.swift in Sources */,
				3FB6564D2BDD2ADB007DF573 /* Lab2DSprojectApp.swift in Sources */,
			);
			runOnlyForDeploymentPostprocessing = 0;
		};
		3FB656552BDD2ADE007DF573 /* Sources */ = {
			isa = PBXSourcesBuildPhase;
			buildActionMask = 2147483647;
			files = (
				3FB6565E2BDD2ADE007DF573 /* Lab2DSprojectTests.swift in Sources */,
			);
			runOnlyForDeploymentPostprocessing = 0;
		};
		3FB6565F2BDD2ADE007DF573 /* Sources */ = {
			isa = PBXSourcesBuildPhase;
			buildActionMask = 2147483647;
			files = (
				3FB6566A2BDD2ADE007DF573 /* Lab2DSprojectUITestsLaunchTests.swift in Sources */,
				3FB656682BDD2ADE007DF573 /* Lab2DSprojectUITests.swift in Sources */,
			);
			runOnlyForDeploymentPostprocessing = 0;
		};
/* End PBXSourcesBuildPhase section */

/* Begin PBXTargetDependency section */
		3FB6565B2BDD2ADE007DF573 /* PBXTargetDependency */ = {
			isa = PBXTargetDependency;
			target = 3FB656482BDD2ADB007DF573 /* Lab2DSproject */;
			targetProxy = 3FB6565A2BDD2ADE007DF573 /* PBXContainerItemProxy */;
		};
		3FB656652BDD2ADE007DF573 /* PBXTargetDependency */ = {
			isa = PBXTargetDependency;
			target = 3FB656482BDD2ADB007DF573 /* Lab2DSproject */;
			targetProxy = 3FB656642BDD2ADE007DF573 /* PBXContainerItemProxy */;
		};
/* End PBXTargetDependency section */

/* Begin XCBuildConfiguration section */
		3FB6566B2BDD2ADE007DF573 /* Debug */ = {
			isa = XCBuildConfiguration;
			buildSettings = {
				ALWAYS_SEARCH_USER_PATHS = NO;
				ASSETCATALOG_COMPILER_GENERATE_SWIFT_ASSET_SYMBOL_EXTENSIONS = YES;
				CLANG_ANALYZER_NONNULL = YES;
				CLANG_ANALYZER_NUMBER_OBJECT_CONVERSION = YES_AGGRESSIVE;
				CLANG_CXX_LANGUAGE_STANDARD = "gnu++20";
				CLANG_ENABLE_MODULES = YES;
				CLANG_ENABLE_OBJC_ARC = YES;
				CLANG_ENABLE_OBJC_WEAK = YES;
				CLANG_WARN_BLOCK_CAPTURE_AUTORELEASING = YES;
				CLANG_WARN_BOOL_CONVERSION = YES;
				CLANG_WARN_COMMA = YES;
				CLANG_WARN_CONSTANT_CONVERSION = YES;
				CLANG_WARN_DEPRECATED_OBJC_IMPLEMENTATIONS = YES;
				CLANG_WARN_DIRECT_OBJC_ISA_USAGE = YES_ERROR;
				CLANG_WARN_DOCUMENTATION_COMMENTS = YES;
				CLANG_WARN_EMPTY_BODY = YES;
				CLANG_WARN_ENUM_CONVERSION = YES;
				CLANG_WARN_INFINITE_RECURSION = YES;
				CLANG_WARN_INT_CONVERSION = YES;
				CLANG_WARN_NON_LITERAL_NULL_CONVERSION = YES;
				CLANG_WARN_OBJC_IMPLICIT_RETAIN_SELF = YES;
				CLANG_WARN_OBJC_LITERAL_CONVERSION = YES;
				CLANG_WARN_OBJC_ROOT_CLASS = YES_ERROR;
				CLANG_WARN_QUOTED_INCLUDE_IN_FRAMEWORK_HEADER = YES;
				CLANG_WARN_RANGE_LOOP_ANALYSIS = YES;
				CLANG_WARN_STRICT_PROTOTYPES = YES;
				CLANG_WARN_SUSPICIOUS_MOVE = YES;
				CLANG_WARN_UNGUARDED_AVAILABILITY = YES_AGGRESSIVE;
				CLANG_WARN_UNREACHABLE_CODE = YES;
				CLANG_WARN__DUPLICATE_METHOD_MATCH = YES;
				COPY_PHASE_STRIP = NO;
				DEBUG_INFORMATION_FORMAT = dwarf;
				ENABLE_STRICT_OBJC_MSGSEND = YES;
				ENABLE_TESTABILITY = YES;
				ENABLE_USER_SCRIPT_SANDBOXING = YES;
				GCC_C_LANGUAGE_STANDARD = gnu17;
				GCC_DYNAMIC_NO_PIC = NO;
				GCC_NO_COMMON_BLOCKS = YES;
				GCC_OPTIMIZATION_LEVEL = 0;
				GCC_PREPROCESSOR_DEFINITIONS = (
					"DEBUG=1",
					"$(inherited)",
				);
				GCC_WARN_64_TO_32_BIT_CONVERSION = YES;
				GCC_WARN_ABOUT_RETURN_TYPE = YES_ERROR;
				GCC_WARN_UNDECLARED_SELECTOR = YES;
				GCC_WARN_UNINITIALIZED_AUTOS = YES_AGGRESSIVE;
				GCC_WARN_UNUSED_FUNCTION = YES;
				GCC_WARN_UNUSED_VARIABLE = YES;
				IPHONEOS_DEPLOYMENT_TARGET = 17.0;
				LOCALIZATION_PREFERS_STRING_CATALOGS = YES;
				MTL_ENABLE_DEBUG_INFO = INCLUDE_SOURCE;
				MTL_FAST_MATH = YES;
				ONLY_ACTIVE_ARCH = YES;
				SDKROOT = iphoneos;
				SWIFT_ACTIVE_COMPILATION_CONDITIONS = "DEBUG $(inherited)";
				SWIFT_OPTIMIZATION_LEVEL = "-Onone";
			};
			name = Debug;
		};
		3FB6566C2BDD2ADE007DF573 /* Release */ = {
			isa = XCBuildConfiguration;
			buildSettings = {
				ALWAYS_SEARCH_USER_PATHS = NO;
				ASSETCATALOG_COMPILER_GENERATE_SWIFT_ASSET_SYMBOL_EXTENSIONS = YES;
				CLANG_ANALYZER_NONNULL = YES;
				CLANG_ANALYZER_NUMBER_OBJECT_CONVERSION = YES_AGGRESSIVE;
				CLANG_CXX_LANGUAGE_STANDARD = "gnu++20";
				CLANG_ENABLE_MODULES = YES;
				CLANG_ENABLE_OBJC_ARC = YES;
				CLANG_ENABLE_OBJC_WEAK = YES;
				CLANG_WARN_BLOCK_CAPTURE_AUTORELEASING = YES;
				CLANG_WARN_BOOL_CONVERSION = YES;
				CLANG_WARN_COMMA = YES;
				CLANG_WARN_CONSTANT_CONVERSION = YES;
				CLANG_WARN_DEPRECATED_OBJC_IMPLEMENTATIONS = YES;
				CLANG_WARN_DIRECT_OBJC_ISA_USAGE = YES_ERROR;
				CLANG_WARN_DOCUMENTATION_COMMENTS = YES;
				CLANG_WARN_EMPTY_BODY = YES;
				CLANG_WARN_ENUM_CONVERSION = YES;
				CLANG_WARN_INFINITE_RECURSION = YES;
				CLANG_WARN_INT_CONVERSION = YES;
				CLANG_WARN_NON_LITERAL_NULL_CONVERSION = YES;
				CLANG_WARN_OBJC_IMPLICIT_RETAIN_SELF = YES;
				CLANG_WARN_OBJC_LITERAL_CONVERSION = YES;
				CLANG_WARN_OBJC_ROOT_CLASS = YES_ERROR;
				CLANG_WARN_QUOTED_INCLUDE_IN_FRAMEWORK_HEADER = YES;
				CLANG_WARN_RANGE_LOOP_ANALYSIS = YES;
				CLANG_WARN_STRICT_PROTOTYPES = YES;
				CLANG_WARN_SUSPICIOUS_MOVE = YES;
				CLANG_WARN_UNGUARDED_AVAILABILITY = YES_AGGRESSIVE;
				CLANG_WARN_UNREACHABLE_CODE = YES;
				CLANG_WARN__DUPLICATE_METHOD_MATCH = YES;
				COPY_PHASE_STRIP = NO;
				DEBUG_INFORMATION_FORMAT = "dwarf-with-dsym";
				ENABLE_NS_ASSERTIONS = NO;
				ENABLE_STRICT_OBJC_MSGSEND = YES;
				ENABLE_USER_SCRIPT_SANDBOXING = YES;
				GCC_C_LANGUAGE_STANDARD = gnu17;
				GCC_NO_COMMON_BLOCKS = YES;
				GCC_WARN_64_TO_32_BIT_CONVERSION = YES;
				GCC_WARN_ABOUT_RETURN_TYPE = YES_ERROR;
				GCC_WARN_UNDECLARED_SELECTOR = YES;
				GCC_WARN_UNINITIALIZED_AUTOS = YES_AGGRESSIVE;
				GCC_WARN_UNUSED_FUNCTION = YES;
				GCC_WARN_UNUSED_VARIABLE = YES;
				IPHONEOS_DEPLOYMENT_TARGET = 17.0;
				LOCALIZATION_PREFERS_STRING_CATALOGS = YES;
				MTL_ENABLE_DEBUG_INFO = NO;
				MTL_FAST_MATH = YES;
				SDKROOT = iphoneos;
				SWIFT_COMPILATION_MODE = wholemodule;
				VALIDATE_PRODUCT = YES;
			};
			name = Release;
		};
		3FB6566E2BDD2ADE007DF573 /* Debug */ = {
			isa = XCBuildConfiguration;
			buildSettings = {
				ASSETCATALOG_COMPILER_APPICON_NAME = AppIcon;
				ASSETCATALOG_COMPILER_GLOBAL_ACCENT_COLOR_NAME = AccentColor;
				CODE_SIGN_STYLE = Automatic;
				CURRENT_PROJECT_VERSION = 1;
				DEVELOPMENT_ASSET_PATHS = "\"Lab2DSproject/Preview Content\"";
				ENABLE_PREVIEWS = YES;
				GENERATE_INFOPLIST_FILE = YES;
				INFOPLIST_KEY_UIApplicationSceneManifest_Generation = YES;
				INFOPLIST_KEY_UIApplicationSupportsIndirectInputEvents = YES;
				INFOPLIST_KEY_UILaunchScreen_Generation = YES;
				INFOPLIST_KEY_UISupportedInterfaceOrientations_iPad = "UIInterfaceOrientationPortrait UIInterfaceOrientationPortraitUpsideDown UIInterfaceOrientationLandscapeLeft UIInterfaceOrientationLandscapeRight";
				INFOPLIST_KEY_UISupportedInterfaceOrientations_iPhone = "UIInterfaceOrientationPortrait UIInterfaceOrientationLandscapeLeft UIInterfaceOrientationLandscapeRight";
				LD_RUNPATH_SEARCH_PATHS = (
					"$(inherited)",
					"@executable_path/Frameworks",
				);
				MARKETING_VERSION = 1.0;
				PRODUCT_BUNDLE_IDENTIFIER = pl.Lab2DSproject;
				PRODUCT_NAME = "$(TARGET_NAME)";
				SWIFT_EMIT_LOC_STRINGS = YES;
				SWIFT_VERSION = 5.0;
				TARGETED_DEVICE_FAMILY = "1,2";
			};
			name = Debug;
		};
		3FB6566F2BDD2ADE007DF573 /* Release */ = {
			isa = XCBuildConfiguration;
			buildSettings = {
				ASSETCATALOG_COMPILER_APPICON_NAME = AppIcon;
				ASSETCATALOG_COMPILER_GLOBAL_ACCENT_COLOR_NAME = AccentColor;
				CODE_SIGN_STYLE = Automatic;
				CURRENT_PROJECT_VERSION = 1;
				DEVELOPMENT_ASSET_PATHS = "\"Lab2DSproject/Preview Content\"";
				ENABLE_PREVIEWS = YES;
				GENERATE_INFOPLIST_FILE = YES;
				INFOPLIST_KEY_UIApplicationSceneManifest_Generation = YES;
				INFOPLIST_KEY_UIApplicationSupportsIndirectInputEvents = YES;
				INFOPLIST_KEY_UILaunchScreen_Generation = YES;
				INFOPLIST_KEY_UISupportedInterfaceOrientations_iPad = "UIInterfaceOrientationPortrait UIInterfaceOrientationPortraitUpsideDown UIInterfaceOrientationLandscapeLeft UIInterfaceOrientationLandscapeRight";
				INFOPLIST_KEY_UISupportedInterfaceOrientations_iPhone = "UIInterfaceOrientationPortrait UIInterfaceOrientationLandscapeLeft UIInterfaceOrientationLandscapeRight";
				LD_RUNPATH_SEARCH_PATHS = (
					"$(inherited)",
					"@executable_path/Frameworks",
				);
				MARKETING_VERSION = 1.0;
				PRODUCT_BUNDLE_IDENTIFIER = pl.Lab2DSproject;
				PRODUCT_NAME = "$(TARGET_NAME)";
				SWIFT_EMIT_LOC_STRINGS = YES;
				SWIFT_VERSION = 5.0;
				TARGETED_DEVICE_FAMILY = "1,2";
			};
			name = Release;
		};
		3FB656712BDD2ADE007DF573 /* Debug */ = {
			isa = XCBuildConfiguration;
			buildSettings = {
				ALWAYS_EMBED_SWIFT_STANDARD_LIBRARIES = YES;
				BUNDLE_LOADER = "$(TEST_HOST)";
				CODE_SIGN_STYLE = Automatic;
				CURRENT_PROJECT_VERSION = 1;
				GENERATE_INFOPLIST_FILE = YES;
				IPHONEOS_DEPLOYMENT_TARGET = 17.0;
				MARKETING_VERSION = 1.0;
				PRODUCT_BUNDLE_IDENTIFIER = pl.Lab2DSprojectTests;
				PRODUCT_NAME = "$(TARGET_NAME)";
				SWIFT_EMIT_LOC_STRINGS = NO;
				SWIFT_VERSION = 5.0;
				TARGETED_DEVICE_FAMILY = "1,2";
				TEST_HOST = "$(BUILT_PRODUCTS_DIR)/Lab2DSproject.app/$(BUNDLE_EXECUTABLE_FOLDER_PATH)/Lab2DSproject";
			};
			name = Debug;
		};
		3FB656722BDD2ADE007DF573 /* Release */ = {
			isa = XCBuildConfiguration;
			buildSettings = {
				ALWAYS_EMBED_SWIFT_STANDARD_LIBRARIES = YES;
				BUNDLE_LOADER = "$(TEST_HOST)";
				CODE_SIGN_STYLE = Automatic;
				CURRENT_PROJECT_VERSION = 1;
				GENERATE_INFOPLIST_FILE = YES;
				IPHONEOS_DEPLOYMENT_TARGET = 17.0;
				MARKETING_VERSION = 1.0;
				PRODUCT_BUNDLE_IDENTIFIER = pl.Lab2DSprojectTests;
				PRODUCT_NAME = "$(TARGET_NAME)";
				SWIFT_EMIT_LOC_STRINGS = NO;
				SWIFT_VERSION = 5.0;
				TARGETED_DEVICE_FAMILY = "1,2";
				TEST_HOST = "$(BUILT_PRODUCTS_DIR)/Lab2DSproject.app/$(BUNDLE_EXECUTABLE_FOLDER_PATH)/Lab2DSproject";
			};
			name = Release;
		};
		3FB656742BDD2ADE007DF573 /* Debug */ = {
			isa = XCBuildConfiguration;
			buildSettings = {
				ALWAYS_EMBED_SWIFT_STANDARD_LIBRARIES = YES;
				CODE_SIGN_STYLE = Automatic;
				CURRENT_PROJECT_VERSION = 1;
				GENERATE_INFOPLIST_FILE = YES;
				MARKETING_VERSION = 1.0;
				PRODUCT_BUNDLE_IDENTIFIER = pl.Lab2DSprojectUITests;
				PRODUCT_NAME = "$(TARGET_NAME)";
				SWIFT_EMIT_LOC_STRINGS = NO;
				SWIFT_VERSION = 5.0;
				TARGETED_DEVICE_FAMILY = "1,2";
				TEST_TARGET_NAME = Lab2DSproject;
			};
			name = Debug;
		};
		3FB656752BDD2ADE007DF573 /* Release */ = {
			isa = XCBuildConfiguration;
			buildSettings = {
				ALWAYS_EMBED_SWIFT_STANDARD_LIBRARIES = YES;
				CODE_SIGN_STYLE = Automatic;
				CURRENT_PROJECT_VERSION = 1;
				GENERATE_INFOPLIST_FILE = YES;
				MARKETING_VERSION = 1.0;
				PRODUCT_BUNDLE_IDENTIFIER = pl.Lab2DSprojectUITests;
				PRODUCT_NAME = "$(TARGET_NAME)";
				SWIFT_EMIT_LOC_STRINGS = NO;
				SWIFT_VERSION = 5.0;
				TARGETED_DEVICE_FAMILY = "1,2";
				TEST_TARGET_NAME = Lab2DSproject;
			};
			name = Release;
		};
/* End XCBuildConfiguration section */

/* Begin XCConfigurationList section */
		3FB656442BDD2ADB007DF573 /* Build configuration list for PBXProject "Lab2DSproject" */ = {
			isa = XCConfigurationList;
			buildConfigurations = (
				3FB6566B2BDD2ADE007DF573 /* Debug */,
				3FB6566C2BDD2ADE007DF573 /* Release */,
			);
			defaultConfigurationIsVisible = 0;
			defaultConfigurationName = Release;
		};
		3FB6566D2BDD2ADE007DF573 /* Build configuration list for PBXNativeTarget "Lab2DSproject" */ = {
			isa = XCConfigurationList;
			buildConfigurations = (
				3FB6566E2BDD2ADE007DF573 /* Debug */,
				3FB6566F2BDD2ADE007DF573 /* Release */,
			);
			defaultConfigurationIsVisible = 0;
			defaultConfigurationName = Release;
		};
		3FB656702BDD2ADE007DF573 /* Build configuration list for PBXNativeTarget "Lab2DSprojectTests" */ = {
			isa = XCConfigurationList;
			buildConfigurations = (
				3FB656712BDD2ADE007DF573 /* Debug */,
				3FB656722BDD2ADE007DF573 /* Release */,
			);
			defaultConfigurationIsVisible = 0;
			defaultConfigurationName = Release;
		};
		3FB656732BDD2ADE007DF573 /* Build configuration list for PBXNativeTarget "Lab2DSprojectUITests" */ = {
			isa = XCConfigurationList;
			buildConfigurations = (
				3FB656742BDD2ADE007DF573 /* Debug */,
				3FB656752BDD2ADE007DF573 /* Release */,
			);
			defaultConfigurationIsVisible = 0;
			defaultConfigurationName = Release;
		};
/* End XCConfigurationList section */
	};
	rootObject = 3FB656412BDD2ADB007DF573 /* Project object */;
}
